// !$*UTF8*$!
{
	archiveVersion = 1;
	classes = {
	};
	objectVersion = 55;
	objects = {

/* Begin PBXBuildFile section */
		A99F19F5274C542900824BAD /* zoo.cpp in Sources */ = {isa = PBXBuildFile; fileRef = A99F19F4274C542900824BAD /* zoo.cpp */; };
		A99F1A16274C628F00824BAD /* Makefile in Sources */ = {isa = PBXBuildFile; fileRef = A99F1A15274C628F00824BAD /* Makefile */; };
/* End PBXBuildFile section */

/* Begin PBXCopyFilesBuildPhase section */
		A99F19EF274C542900824BAD /* CopyFiles */ = {
			isa = PBXCopyFilesBuildPhase;
			buildActionMask = 2147483647;
			dstPath = /usr/share/man/man1/;
			dstSubfolderSpec = 0;
			files = (
			);
			runOnlyForDeploymentPostprocessing = 1;
		};
/* End PBXCopyFilesBuildPhase section */

/* Begin PBXFileReference section */
		A92EEDD8274EA4E6002DE7AA /* test-1-MST.txt */ = {isa = PBXFileReference; lastKnownFileType = text; path = "test-1-MST.txt"; sourceTree = "<group>"; };
		A99F19F1274C542900824BAD /* project4 */ = {isa = PBXFileReference; explicitFileType = "compiled.mach-o.executable"; includeInIndex = 0; path = project4; sourceTree = BUILT_PRODUCTS_DIR; };
		A99F19F4274C542900824BAD /* zoo.cpp */ = {isa = PBXFileReference; lastKnownFileType = sourcecode.cpp.cpp; path = zoo.cpp; sourceTree = "<group>"; };
		A99F19FB274C5B6700824BAD /* partA.cpp */ = {isa = PBXFileReference; lastKnownFileType = sourcecode.cpp.cpp; path = partA.cpp; sourceTree = "<group>"; };
		A99F19FC274C5B6700824BAD /* partA.hpp */ = {isa = PBXFileReference; lastKnownFileType = sourcecode.cpp.h; path = partA.hpp; sourceTree = "<group>"; };
		A99F19FE274C5B7C00824BAD /* genPerms.txt */ = {isa = PBXFileReference; lastKnownFileType = text; path = genPerms.txt; sourceTree = "<group>"; };
		A99F1A00274C5BB700824BAD /* README.txt */ = {isa = PBXFileReference; lastKnownFileType = text; path = README.txt; sourceTree = "<group>"; };
		A99F1A01274C5BB700824BAD /* sample-d-OPTTSP-out.txt */ = {isa = PBXFileReference; lastKnownFileType = text; path = "sample-d-OPTTSP-out.txt"; sourceTree = "<group>"; };
		A99F1A02274C5BB700824BAD /* sample-ab-MST-out.txt */ = {isa = PBXFileReference; lastKnownFileType = text; path = "sample-ab-MST-out.txt"; sourceTree = "<group>"; };
		A99F1A03274C5BB700824BAD /* sample-c-OPTTSP-out.txt */ = {isa = PBXFileReference; lastKnownFileType = text; path = "sample-c-OPTTSP-out.txt"; sourceTree = "<group>"; };
		A99F1A04274C5BB700824BAD /* sample-d-FASTTSP-out.txt */ = {isa = PBXFileReference; lastKnownFileType = text; path = "sample-d-FASTTSP-out.txt"; sourceTree = "<group>"; };
		A99F1A05274C5BB700824BAD /* spec-test-OPTTSP-out.txt */ = {isa = PBXFileReference; lastKnownFileType = text; path = "spec-test-OPTTSP-out.txt"; sourceTree = "<group>"; };
		A99F1A06274C5BB700824BAD /* spec-test.txt */ = {isa = PBXFileReference; lastKnownFileType = text; path = "spec-test.txt"; sourceTree = "<group>"; };
		A99F1A07274C5BB700824BAD /* sample-c.txt */ = {isa = PBXFileReference; lastKnownFileType = text; path = "sample-c.txt"; sourceTree = "<group>"; };
		A99F1A08274C5BB700824BAD /* sample-e-FASTTSP-out.txt */ = {isa = PBXFileReference; lastKnownFileType = text; path = "sample-e-FASTTSP-out.txt"; sourceTree = "<group>"; };
		A99F1A09274C5BB700824BAD /* sample-c-FASTTSP-out.txt */ = {isa = PBXFileReference; lastKnownFileType = text; path = "sample-c-FASTTSP-out.txt"; sourceTree = "<group>"; };
		A99F1A0A274C5BB700824BAD /* spec-test-MST-out.txt */ = {isa = PBXFileReference; lastKnownFileType = text; path = "spec-test-MST-out.txt"; sourceTree = "<group>"; };
		A99F1A0B274C5BB700824BAD /* sample-c-MST-out.txt */ = {isa = PBXFileReference; lastKnownFileType = text; path = "sample-c-MST-out.txt"; sourceTree = "<group>"; };
		A99F1A0C274C5BB800824BAD /* sample-e.txt */ = {isa = PBXFileReference; lastKnownFileType = text; path = "sample-e.txt"; sourceTree = "<group>"; };
		A99F1A0D274C5BB800824BAD /* spec-test-FASTTSP-out.txt */ = {isa = PBXFileReference; lastKnownFileType = text; path = "spec-test-FASTTSP-out.txt"; sourceTree = "<group>"; };
		A99F1A0E274C5BB800824BAD /* sample-e-OPTTSP-out.txt */ = {isa = PBXFileReference; lastKnownFileType = text; path = "sample-e-OPTTSP-out.txt"; sourceTree = "<group>"; };
		A99F1A0F274C5BB800824BAD /* sample-ab.txt */ = {isa = PBXFileReference; lastKnownFileType = text; path = "sample-ab.txt"; sourceTree = "<group>"; };
		A99F1A10274C5BB800824BAD /* sample-d.txt */ = {isa = PBXFileReference; lastKnownFileType = text; path = "sample-d.txt"; sourceTree = "<group>"; };
		A99F1A11274C5BB800824BAD /* Error_messages.txt */ = {isa = PBXFileReference; lastKnownFileType = text; path = Error_messages.txt; sourceTree = "<group>"; };
		A99F1A12274C5BB800824BAD /* sample-e-MST-out.txt */ = {isa = PBXFileReference; lastKnownFileType = text; path = "sample-e-MST-out.txt"; sourceTree = "<group>"; };
		A99F1A13274C5BB800824BAD /* sample-ab-FASTTSP-out.txt */ = {isa = PBXFileReference; lastKnownFileType = text; path = "sample-ab-FASTTSP-out.txt"; sourceTree = "<group>"; };
		A99F1A14274C5BB800824BAD /* sample-d-MST-out.txt */ = {isa = PBXFileReference; lastKnownFileType = text; path = "sample-d-MST-out.txt"; sourceTree = "<group>"; };
		A99F1A15274C628F00824BAD /* Makefile */ = {isa = PBXFileReference; fileEncoding = 4; lastKnownFileType = sourcecode.make; path = Makefile; sourceTree = "<group>"; };
		A99F1A17274C629600824BAD /* xcode_redirect.hpp */ = {isa = PBXFileReference; lastKnownFileType = sourcecode.cpp.h; path = xcode_redirect.hpp; sourceTree = "<group>"; };
/* End PBXFileReference section */

/* Begin PBXFrameworksBuildPhase section */
		A99F19EE274C542900824BAD /* Frameworks */ = {
			isa = PBXFrameworksBuildPhase;
			buildActionMask = 2147483647;
			files = (
			);
			runOnlyForDeploymentPostprocessing = 0;
		};
/* End PBXFrameworksBuildPhase section */

/* Begin PBXGroup section */
		A99F19E8274C542900824BAD = {
			isa = PBXGroup;
			children = (
				A92EEDD8274EA4E6002DE7AA /* test-1-MST.txt */,
				A99F19FB274C5B6700824BAD /* partA.cpp */,
				A99F19FC274C5B6700824BAD /* partA.hpp */,
				A99F19F4274C542900824BAD /* zoo.cpp */,
				A99F1A15274C628F00824BAD /* Makefile */,
				A99F1A17274C629600824BAD /* xcode_redirect.hpp */,
				A99F19FE274C5B7C00824BAD /* genPerms.txt */,
				A99F1A11274C5BB800824BAD /* Error_messages.txt */,
				A99F1A00274C5BB700824BAD /* README.txt */,
				A99F1A13274C5BB800824BAD /* sample-ab-FASTTSP-out.txt */,
				A99F1A02274C5BB700824BAD /* sample-ab-MST-out.txt */,
				A99F1A0F274C5BB800824BAD /* sample-ab.txt */,
				A99F1A09274C5BB700824BAD /* sample-c-FASTTSP-out.txt */,
				A99F1A0B274C5BB700824BAD /* sample-c-MST-out.txt */,
				A99F1A03274C5BB700824BAD /* sample-c-OPTTSP-out.txt */,
				A99F1A07274C5BB700824BAD /* sample-c.txt */,
				A99F1A04274C5BB700824BAD /* sample-d-FASTTSP-out.txt */,
				A99F1A14274C5BB800824BAD /* sample-d-MST-out.txt */,
				A99F1A01274C5BB700824BAD /* sample-d-OPTTSP-out.txt */,
				A99F1A10274C5BB800824BAD /* sample-d.txt */,
				A99F1A08274C5BB700824BAD /* sample-e-FASTTSP-out.txt */,
				A99F1A12274C5BB800824BAD /* sample-e-MST-out.txt */,
				A99F1A0E274C5BB800824BAD /* sample-e-OPTTSP-out.txt */,
				A99F1A0C274C5BB800824BAD /* sample-e.txt */,
				A99F1A0D274C5BB800824BAD /* spec-test-FASTTSP-out.txt */,
				A99F1A0A274C5BB700824BAD /* spec-test-MST-out.txt */,
				A99F1A05274C5BB700824BAD /* spec-test-OPTTSP-out.txt */,
				A99F1A06274C5BB700824BAD /* spec-test.txt */,
				A99F19F2274C542900824BAD /* Products */,
			);
			sourceTree = "<group>";
		};
		A99F19F2274C542900824BAD /* Products */ = {
			isa = PBXGroup;
			children = (
				A99F19F1274C542900824BAD /* project4 */,
			);
			name = Products;
			sourceTree = "<group>";
		};
/* End PBXGroup section */

/* Begin PBXNativeTarget section */
		A99F19F0274C542900824BAD /* project4 */ = {
			isa = PBXNativeTarget;
			buildConfigurationList = A99F19F8274C542900824BAD /* Build configuration list for PBXNativeTarget "project4" */;
			buildPhases = (
				A99F19ED274C542900824BAD /* Sources */,
				A99F19EE274C542900824BAD /* Frameworks */,
				A99F19EF274C542900824BAD /* CopyFiles */,
			);
			buildRules = (
			);
			dependencies = (
			);
			name = project4;
			productName = paroject4;
			productReference = A99F19F1274C542900824BAD /* project4 */;
			productType = "com.apple.product-type.tool";
		};
/* End PBXNativeTarget section */

/* Begin PBXProject section */
		A99F19E9274C542900824BAD /* Project object */ = {
			isa = PBXProject;
			attributes = {
				BuildIndependentTargetsInParallel = 1;
				LastUpgradeCheck = 1310;
				TargetAttributes = {
					A99F19F0274C542900824BAD = {
						CreatedOnToolsVersion = 13.1;
					};
				};
			};
			buildConfigurationList = A99F19EC274C542900824BAD /* Build configuration list for PBXProject "project4" */;
			compatibilityVersion = "Xcode 13.0";
			developmentRegion = en;
			hasScannedForEncodings = 0;
			knownRegions = (
				en,
				Base,
			);
			mainGroup = A99F19E8274C542900824BAD;
			productRefGroup = A99F19F2274C542900824BAD /* Products */;
			projectDirPath = "";
			projectRoot = "";
			targets = (
				A99F19F0274C542900824BAD /* project4 */,
			);
		};
/* End PBXProject section */

/* Begin PBXSourcesBuildPhase section */
		A99F19ED274C542900824BAD /* Sources */ = {
			isa = PBXSourcesBuildPhase;
			buildActionMask = 2147483647;
			files = (
				A99F1A16274C628F00824BAD /* Makefile in Sources */,
				A99F19F5274C542900824BAD /* zoo.cpp in Sources */,
			);
			runOnlyForDeploymentPostprocessing = 0;
		};
/* End PBXSourcesBuildPhase section */

/* Begin XCBuildConfiguration section */
		A99F19F6274C542900824BAD /* Debug */ = {
			isa = XCBuildConfiguration;
			buildSettings = {
				ALWAYS_SEARCH_USER_PATHS = NO;
				CLANG_ANALYZER_NONNULL = YES;
				CLANG_ANALYZER_NUMBER_OBJECT_CONVERSION = YES_AGGRESSIVE;
				CLANG_CXX_LANGUAGE_STANDARD = "gnu++17";
				CLANG_CXX_LIBRARY = "libc++";
				CLANG_ENABLE_MODULES = YES;
				CLANG_ENABLE_OBJC_ARC = YES;
				CLANG_ENABLE_OBJC_WEAK = YES;
				CLANG_WARN_BLOCK_CAPTURE_AUTORELEASING = YES;
				CLANG_WARN_BOOL_CONVERSION = YES;
				CLANG_WARN_COMMA = YES;
				CLANG_WARN_CONSTANT_CONVERSION = YES;
				CLANG_WARN_DEPRECATED_OBJC_IMPLEMENTATIONS = YES;
				CLANG_WARN_DIRECT_OBJC_ISA_USAGE = YES_ERROR;
				CLANG_WARN_DOCUMENTATION_COMMENTS = YES;
				CLANG_WARN_EMPTY_BODY = YES;
				CLANG_WARN_ENUM_CONVERSION = YES;
				CLANG_WARN_INFINITE_RECURSION = YES;
				CLANG_WARN_INT_CONVERSION = YES;
				CLANG_WARN_NON_LITERAL_NULL_CONVERSION = YES;
				CLANG_WARN_OBJC_IMPLICIT_RETAIN_SELF = YES;
				CLANG_WARN_OBJC_LITERAL_CONVERSION = YES;
				CLANG_WARN_OBJC_ROOT_CLASS = YES_ERROR;
				CLANG_WARN_QUOTED_INCLUDE_IN_FRAMEWORK_HEADER = YES;
				CLANG_WARN_RANGE_LOOP_ANALYSIS = YES;
				CLANG_WARN_STRICT_PROTOTYPES = YES;
				CLANG_WARN_SUSPICIOUS_MOVE = YES;
				CLANG_WARN_UNGUARDED_AVAILABILITY = YES_AGGRESSIVE;
				CLANG_WARN_UNREACHABLE_CODE = YES;
				CLANG_WARN__DUPLICATE_METHOD_MATCH = YES;
				COPY_PHASE_STRIP = NO;
				DEBUG_INFORMATION_FORMAT = dwarf;
				ENABLE_STRICT_OBJC_MSGSEND = YES;
				ENABLE_TESTABILITY = YES;
				GCC_C_LANGUAGE_STANDARD = gnu11;
				GCC_DYNAMIC_NO_PIC = NO;
				GCC_NO_COMMON_BLOCKS = YES;
				GCC_OPTIMIZATION_LEVEL = 0;
				GCC_PREPROCESSOR_DEFINITIONS = (
					"DEBUG=1",
					"$(inherited)",
				);
				GCC_WARN_64_TO_32_BIT_CONVERSION = YES;
				GCC_WARN_ABOUT_RETURN_TYPE = YES_ERROR;
				GCC_WARN_UNDECLARED_SELECTOR = YES;
				GCC_WARN_UNINITIALIZED_AUTOS = YES_AGGRESSIVE;
				GCC_WARN_UNUSED_FUNCTION = YES;
				GCC_WARN_UNUSED_VARIABLE = YES;
				MACOSX_DEPLOYMENT_TARGET = 12.0;
				MTL_ENABLE_DEBUG_INFO = INCLUDE_SOURCE;
				MTL_FAST_MATH = YES;
				ONLY_ACTIVE_ARCH = YES;
				SDKROOT = macosx;
			};
			name = Debug;
		};
		A99F19F7274C542900824BAD /* Release */ = {
			isa = XCBuildConfiguration;
			buildSettings = {
				ALWAYS_SEARCH_USER_PATHS = NO;
				CLANG_ANALYZER_NONNULL = YES;
				CLANG_ANALYZER_NUMBER_OBJECT_CONVERSION = YES_AGGRESSIVE;
				CLANG_CXX_LANGUAGE_STANDARD = "gnu++17";
				CLANG_CXX_LIBRARY = "libc++";
				CLANG_ENABLE_MODULES = YES;
				CLANG_ENABLE_OBJC_ARC = YES;
				CLANG_ENABLE_OBJC_WEAK = YES;
				CLANG_WARN_BLOCK_CAPTURE_AUTORELEASING = YES;
				CLANG_WARN_BOOL_CONVERSION = YES;
				CLANG_WARN_COMMA = YES;
				CLANG_WARN_CONSTANT_CONVERSION = YES;
				CLANG_WARN_DEPRECATED_OBJC_IMPLEMENTATIONS = YES;
				CLANG_WARN_DIRECT_OBJC_ISA_USAGE = YES_ERROR;
				CLANG_WARN_DOCUMENTATION_COMMENTS = YES;
				CLANG_WARN_EMPTY_BODY = YES;
				CLANG_WARN_ENUM_CONVERSION = YES;
				CLANG_WARN_INFINITE_RECURSION = YES;
				CLANG_WARN_INT_CONVERSION = YES;
				CLANG_WARN_NON_LITERAL_NULL_CONVERSION = YES;
				CLANG_WARN_OBJC_IMPLICIT_RETAIN_SELF = YES;
				CLANG_WARN_OBJC_LITERAL_CONVERSION = YES;
				CLANG_WARN_OBJC_ROOT_CLASS = YES_ERROR;
				CLANG_WARN_QUOTED_INCLUDE_IN_FRAMEWORK_HEADER = YES;
				CLANG_WARN_RANGE_LOOP_ANALYSIS = YES;
				CLANG_WARN_STRICT_PROTOTYPES = YES;
				CLANG_WARN_SUSPICIOUS_MOVE = YES;
				CLANG_WARN_UNGUARDED_AVAILABILITY = YES_AGGRESSIVE;
				CLANG_WARN_UNREACHABLE_CODE = YES;
				CLANG_WARN__DUPLICATE_METHOD_MATCH = YES;
				COPY_PHASE_STRIP = NO;
				DEBUG_INFORMATION_FORMAT = "dwarf-with-dsym";
				ENABLE_NS_ASSERTIONS = NO;
				ENABLE_STRICT_OBJC_MSGSEND = YES;
				GCC_C_LANGUAGE_STANDARD = gnu11;
				GCC_NO_COMMON_BLOCKS = YES;
				GCC_WARN_64_TO_32_BIT_CONVERSION = YES;
				GCC_WARN_ABOUT_RETURN_TYPE = YES_ERROR;
				GCC_WARN_UNDECLARED_SELECTOR = YES;
				GCC_WARN_UNINITIALIZED_AUTOS = YES_AGGRESSIVE;
				GCC_WARN_UNUSED_FUNCTION = YES;
				GCC_WARN_UNUSED_VARIABLE = YES;
				MACOSX_DEPLOYMENT_TARGET = 12.0;
				MTL_ENABLE_DEBUG_INFO = NO;
				MTL_FAST_MATH = YES;
				SDKROOT = macosx;
			};
			name = Release;
		};
		A99F19F9274C542900824BAD /* Debug */ = {
			isa = XCBuildConfiguration;
			buildSettings = {
				CODE_SIGN_STYLE = Automatic;
				PRODUCT_NAME = "$(TARGET_NAME)";
			};
			name = Debug;
		};
		A99F19FA274C542900824BAD /* Release */ = {
			isa = XCBuildConfiguration;
			buildSettings = {
				CODE_SIGN_STYLE = Automatic;
				PRODUCT_NAME = "$(TARGET_NAME)";
			};
			name = Release;
		};
/* End XCBuildConfiguration section */

/* Begin XCConfigurationList section */
		A99F19EC274C542900824BAD /* Build configuration list for PBXProject "project4" */ = {
			isa = XCConfigurationList;
			buildConfigurations = (
				A99F19F6274C542900824BAD /* Debug */,
				A99F19F7274C542900824BAD /* Release */,
			);
			defaultConfigurationIsVisible = 0;
			defaultConfigurationName = Release;
		};
		A99F19F8274C542900824BAD /* Build configuration list for PBXNativeTarget "project4" */ = {
			isa = XCConfigurationList;
			buildConfigurations = (
				A99F19F9274C542900824BAD /* Debug */,
				A99F19FA274C542900824BAD /* Release */,
			);
			defaultConfigurationIsVisible = 0;
			defaultConfigurationName = Release;
		};
/* End XCConfigurationList section */
	};
	rootObject = A99F19E9274C542900824BAD /* Project object */;
}
